github.com/pkg/errors v0.9.1 h1:FEBLx1zS214owpjy7qsBeixbURkuhQAwrK5UwLGTwt4=
github.com/pkg/errors v0.9.1/go.mod h1:bwawxfHBFNV+L2hUp1rHADufV3IMtnDRdf1r5NINEl0=
github.com/shockerli/cvt v0.2.8 h1:/S5aqQP9+jOAcvGdBfwUI2YKLcQsjHe/5vCNA3mugnI=
github.com/shockerli/cvt v0.2.8/go.mod h1:BSnqdLKtok/CH1v7I7re0njrjj3cAlCswZl9PSQMCFI=
